// !$*UTF8*$!
{
	archiveVersion = 1;
	classes = {
	};
	objectVersion = 55;
	objects = {

/* Begin PBXBuildFile section */
		10ECD64D4D5207324E7BD464 /* Pods_ApexLegendsStats.framework in Frameworks */ = {isa = PBXBuildFile; fileRef = 0ED645D6C645BACBBE9CB8A6 /* Pods_ApexLegendsStats.framework */; };
		AB15236D2C4B749B00FA6FA7 /* ApexLegendsStatsApp.swift in Sources */ = {isa = PBXBuildFile; fileRef = AB15236C2C4B749B00FA6FA7 /* ApexLegendsStatsApp.swift */; };
		AB15236F2C4B749B00FA6FA7 /* ContentView.swift in Sources */ = {isa = PBXBuildFile; fileRef = AB15236E2C4B749B00FA6FA7 /* ContentView.swift */; };
		AB1523712C4B74A000FA6FA7 /* Assets.xcassets in Resources */ = {isa = PBXBuildFile; fileRef = AB1523702C4B749F00FA6FA7 /* Assets.xcassets */; };
		AB1523742C4B74A000FA6FA7 /* Preview Assets.xcassets in Resources */ = {isa = PBXBuildFile; fileRef = AB1523732C4B74A000FA6FA7 /* Preview Assets.xcassets */; };
		AB1523802C4B777500FA6FA7 /* ApexModels.swift in Sources */ = {isa = PBXBuildFile; fileRef = AB15237F2C4B777500FA6FA7 /* ApexModels.swift */; };
		AB1523822C4B779B00FA6FA7 /* ApexAPIService.swift in Sources */ = {isa = PBXBuildFile; fileRef = AB1523812C4B779B00FA6FA7 /* ApexAPIService.swift */; };
		AB1523842C4B784300FA6FA7 /* MapRotationController.swift in Sources */ = {isa = PBXBuildFile; fileRef = AB1523832C4B784300FA6FA7 /* MapRotationController.swift */; };
		AB1523862C4B786400FA6FA7 /* PlayerStatsController.swift in Sources */ = {isa = PBXBuildFile; fileRef = AB1523852C4B786400FA6FA7 /* PlayerStatsController.swift */; };
		AB1523882C4B78CA00FA6FA7 /* MapRotationView.swift in Sources */ = {isa = PBXBuildFile; fileRef = AB1523872C4B78CA00FA6FA7 /* MapRotationView.swift */; };
		AB15238A2C4B792800FA6FA7 /* PlayerStatsView.swift in Sources */ = {isa = PBXBuildFile; fileRef = AB1523892C4B792800FA6FA7 /* PlayerStatsView.swift */; };
/* End PBXBuildFile section */

/* Begin PBXFileReference section */
		0398A5640CBB35DC6DAC7827 /* Pods-ApexLegendsStats.debug.xcconfig */ = {isa = PBXFileReference; includeInIndex = 1; lastKnownFileType = text.xcconfig; name = "Pods-ApexLegendsStats.debug.xcconfig"; path = "Target Support Files/Pods-ApexLegendsStats/Pods-ApexLegendsStats.debug.xcconfig"; sourceTree = "<group>"; };
		0ED645D6C645BACBBE9CB8A6 /* Pods_ApexLegendsStats.framework */ = {isa = PBXFileReference; explicitFileType = wrapper.framework; includeInIndex = 0; path = Pods_ApexLegendsStats.framework; sourceTree = BUILT_PRODUCTS_DIR; };
		AB1523692C4B749B00FA6FA7 /* ApexLegendsStats.app */ = {isa = PBXFileReference; explicitFileType = wrapper.application; includeInIndex = 0; path = ApexLegendsStats.app; sourceTree = BUILT_PRODUCTS_DIR; };
		AB15236C2C4B749B00FA6FA7 /* ApexLegendsStatsApp.swift */ = {isa = PBXFileReference; lastKnownFileType = sourcecode.swift; path = ApexLegendsStatsApp.swift; sourceTree = "<group>"; };
		AB15236E2C4B749B00FA6FA7 /* ContentView.swift */ = {isa = PBXFileReference; lastKnownFileType = sourcecode.swift; path = ContentView.swift; sourceTree = "<group>"; };
		AB1523702C4B749F00FA6FA7 /* Assets.xcassets */ = {isa = PBXFileReference; lastKnownFileType = folder.assetcatalog; path = Assets.xcassets; sourceTree = "<group>"; };
		AB1523732C4B74A000FA6FA7 /* Preview Assets.xcassets */ = {isa = PBXFileReference; lastKnownFileType = folder.assetcatalog; path = "Preview Assets.xcassets"; sourceTree = "<group>"; };
		AB15237F2C4B777500FA6FA7 /* ApexModels.swift */ = {isa = PBXFileReference; lastKnownFileType = sourcecode.swift; path = ApexModels.swift; sourceTree = "<group>"; };
		AB1523812C4B779B00FA6FA7 /* ApexAPIService.swift */ = {isa = PBXFileReference; lastKnownFileType = sourcecode.swift; path = ApexAPIService.swift; sourceTree = "<group>"; };
		AB1523832C4B784300FA6FA7 /* MapRotationController.swift */ = {isa = PBXFileReference; lastKnownFileType = sourcecode.swift; path = MapRotationController.swift; sourceTree = "<group>"; };
		AB1523852C4B786400FA6FA7 /* PlayerStatsController.swift */ = {isa = PBXFileReference; lastKnownFileType = sourcecode.swift; path = PlayerStatsController.swift; sourceTree = "<group>"; };
		AB1523872C4B78CA00FA6FA7 /* MapRotationView.swift */ = {isa = PBXFileReference; lastKnownFileType = sourcecode.swift; path = MapRotationView.swift; sourceTree = "<group>"; };
		AB1523892C4B792800FA6FA7 /* PlayerStatsView.swift */ = {isa = PBXFileReference; lastKnownFileType = sourcecode.swift; path = PlayerStatsView.swift; sourceTree = "<group>"; };
		D25770714456904CE82D720A /* Pods-ApexLegendsStats.release.xcconfig */ = {isa = PBXFileReference; includeInIndex = 1; lastKnownFileType = text.xcconfig; name = "Pods-ApexLegendsStats.release.xcconfig"; path = "Target Support Files/Pods-ApexLegendsStats/Pods-ApexLegendsStats.release.xcconfig"; sourceTree = "<group>"; };
/* End PBXFileReference section */

/* Begin PBXFrameworksBuildPhase section */
		AB1523662C4B749B00FA6FA7 /* Frameworks */ = {
			isa = PBXFrameworksBuildPhase;
			buildActionMask = 2147483647;
			files = (
				10ECD64D4D5207324E7BD464 /* Pods_ApexLegendsStats.framework in Frameworks */,
			);
			runOnlyForDeploymentPostprocessing = 0;
		};
/* End PBXFrameworksBuildPhase section */

/* Begin PBXGroup section */
		7D398248E23DCCEAF5BC2E89 /* Pods */ = {
			isa = PBXGroup;
			children = (
				0398A5640CBB35DC6DAC7827 /* Pods-ApexLegendsStats.debug.xcconfig */,
				D25770714456904CE82D720A /* Pods-ApexLegendsStats.release.xcconfig */,
			);
			name = Pods;
			path = Pods;
			sourceTree = "<group>";
		};
		AB1523602C4B749B00FA6FA7 = {
			isa = PBXGroup;
			children = (
				AB15236B2C4B749B00FA6FA7 /* ApexLegendsStats */,
				AB15236A2C4B749B00FA6FA7 /* Products */,
				7D398248E23DCCEAF5BC2E89 /* Pods */,
				F049645A30FB20F2FF3CF5E0 /* Frameworks */,
			);
			sourceTree = "<group>";
		};
		AB15236A2C4B749B00FA6FA7 /* Products */ = {
			isa = PBXGroup;
			children = (
				AB1523692C4B749B00FA6FA7 /* ApexLegendsStats.app */,
			);
			name = Products;
			sourceTree = "<group>";
		};
		AB15236B2C4B749B00FA6FA7 /* ApexLegendsStats */ = {
			isa = PBXGroup;
			children = (
				AB15237E2C4B759300FA6FA7 /* Services */,
				AB15237D2C4B758400FA6FA7 /* Controllers */,
				AB15237B2C4B74E900FA6FA7 /* Views */,
				AB15237A2C4B74D500FA6FA7 /* Models */,
				AB15236C2C4B749B00FA6FA7 /* ApexLegendsStatsApp.swift */,
				AB15236E2C4B749B00FA6FA7 /* ContentView.swift */,
				AB1523702C4B749F00FA6FA7 /* Assets.xcassets */,
				AB1523722C4B74A000FA6FA7 /* Preview Content */,
			);
			path = ApexLegendsStats;
			sourceTree = "<group>";
		};
		AB1523722C4B74A000FA6FA7 /* Preview Content */ = {
			isa = PBXGroup;
			children = (
				AB1523732C4B74A000FA6FA7 /* Preview Assets.xcassets */,
			);
			path = "Preview Content";
			sourceTree = "<group>";
		};
		AB15237A2C4B74D500FA6FA7 /* Models */ = {
			isa = PBXGroup;
			children = (
				AB15237F2C4B777500FA6FA7 /* ApexModels.swift */,
			);
			path = Models;
			sourceTree = "<group>";
		};
		AB15237B2C4B74E900FA6FA7 /* Views */ = {
			isa = PBXGroup;
			children = (
				AB1523872C4B78CA00FA6FA7 /* MapRotationView.swift */,
				AB1523892C4B792800FA6FA7 /* PlayerStatsView.swift */,
			);
			path = Views;
			sourceTree = "<group>";
		};
		AB15237D2C4B758400FA6FA7 /* Controllers */ = {
			isa = PBXGroup;
			children = (
				AB1523832C4B784300FA6FA7 /* MapRotationController.swift */,
				AB1523852C4B786400FA6FA7 /* PlayerStatsController.swift */,
			);
			path = Controllers;
			sourceTree = "<group>";
		};
		AB15237E2C4B759300FA6FA7 /* Services */ = {
			isa = PBXGroup;
			children = (
				AB1523812C4B779B00FA6FA7 /* ApexAPIService.swift */,
			);
			path = Services;
			sourceTree = "<group>";
		};
		F049645A30FB20F2FF3CF5E0 /* Frameworks */ = {
			isa = PBXGroup;
			children = (
				0ED645D6C645BACBBE9CB8A6 /* Pods_ApexLegendsStats.framework */,
			);
			name = Frameworks;
			sourceTree = "<group>";
		};
/* End PBXGroup section */

/* Begin PBXNativeTarget section */
		AB1523682C4B749B00FA6FA7 /* ApexLegendsStats */ = {
			isa = PBXNativeTarget;
			buildConfigurationList = AB1523772C4B74A000FA6FA7 /* Build configuration list for PBXNativeTarget "ApexLegendsStats" */;
			buildPhases = (
				B941747A989B36B70B8039E6 /* [CP] Check Pods Manifest.lock */,
				AB1523652C4B749B00FA6FA7 /* Sources */,
				AB1523662C4B749B00FA6FA7 /* Frameworks */,
				AB1523672C4B749B00FA6FA7 /* Resources */,
				A54D3050B2C95E7EEB22E117 /* [CP] Embed Pods Frameworks */,
			);
			buildRules = (
			);
			dependencies = (
			);
			name = ApexLegendsStats;
			productName = ApexLegendsStats;
			productReference = AB1523692C4B749B00FA6FA7 /* ApexLegendsStats.app */;
			productType = "com.apple.product-type.application";
		};
/* End PBXNativeTarget section */

/* Begin PBXProject section */
		AB1523612C4B749B00FA6FA7 /* Project object */ = {
			isa = PBXProject;
			attributes = {
				BuildIndependentTargetsInParallel = 1;
				LastSwiftUpdateCheck = 1320;
				LastUpgradeCheck = 1320;
				TargetAttributes = {
					AB1523682C4B749B00FA6FA7 = {
						CreatedOnToolsVersion = 13.2.1;
					};
				};
			};
			buildConfigurationList = AB1523642C4B749B00FA6FA7 /* Build configuration list for PBXProject "ApexLegendsStats" */;
			compatibilityVersion = "Xcode 13.0";
			developmentRegion = en;
			hasScannedForEncodings = 0;
			knownRegions = (
				en,
				Base,
			);
			mainGroup = AB1523602C4B749B00FA6FA7;
			productRefGroup = AB15236A2C4B749B00FA6FA7 /* Products */;
			projectDirPath = "";
			projectRoot = "";
			targets = (
				AB1523682C4B749B00FA6FA7 /* ApexLegendsStats */,
			);
		};
/* End PBXProject section */

/* Begin PBXResourcesBuildPhase section */
		AB1523672C4B749B00FA6FA7 /* Resources */ = {
			isa = PBXResourcesBuildPhase;
			buildActionMask = 2147483647;
			files = (
				AB1523742C4B74A000FA6FA7 /* Preview Assets.xcassets in Resources */,
				AB1523712C4B74A000FA6FA7 /* Assets.xcassets in Resources */,
			);
			runOnlyForDeploymentPostprocessing = 0;
		};
/* End PBXResourcesBuildPhase section */

/* Begin PBXShellScriptBuildPhase section */
		A54D3050B2C95E7EEB22E117 /* [CP] Embed Pods Frameworks */ = {
			isa = PBXShellScriptBuildPhase;
			buildActionMask = 2147483647;
			files = (
			);
			inputFileListPaths = (
				"${PODS_ROOT}/Target Support Files/Pods-ApexLegendsStats/Pods-ApexLegendsStats-frameworks-${CONFIGURATION}-input-files.xcfilelist",
			);
			name = "[CP] Embed Pods Frameworks";
			outputFileListPaths = (
				"${PODS_ROOT}/Target Support Files/Pods-ApexLegendsStats/Pods-ApexLegendsStats-frameworks-${CONFIGURATION}-output-files.xcfilelist",
			);
			runOnlyForDeploymentPostprocessing = 0;
			shellPath = /bin/sh;
			shellScript = "\"${PODS_ROOT}/Target Support Files/Pods-ApexLegendsStats/Pods-ApexLegendsStats-frameworks.sh\"\n";
			showEnvVarsInLog = 0;
		};
		B941747A989B36B70B8039E6 /* [CP] Check Pods Manifest.lock */ = {
			isa = PBXShellScriptBuildPhase;
			buildActionMask = 2147483647;
			files = (
			);
			inputFileListPaths = (
			);
			inputPaths = (
				"${PODS_PODFILE_DIR_PATH}/Podfile.lock",
				"${PODS_ROOT}/Manifest.lock",
			);
			name = "[CP] Check Pods Manifest.lock";
			outputFileListPaths = (
			);
			outputPaths = (
				"$(DERIVED_FILE_DIR)/Pods-ApexLegendsStats-checkManifestLockResult.txt",
			);
			runOnlyForDeploymentPostprocessing = 0;
			shellPath = /bin/sh;
			shellScript = "diff \"${PODS_PODFILE_DIR_PATH}/Podfile.lock\" \"${PODS_ROOT}/Manifest.lock\" > /dev/null\nif [ $? != 0 ] ; then\n    # print error to STDERR\n    echo \"error: The sandbox is not in sync with the Podfile.lock. Run 'pod install' or update your CocoaPods installation.\" >&2\n    exit 1\nfi\n# This output is used by Xcode 'outputs' to avoid re-running this script phase.\necho \"SUCCESS\" > \"${SCRIPT_OUTPUT_FILE_0}\"\n";
			showEnvVarsInLog = 0;
		};
/* End PBXShellScriptBuildPhase section */

/* Begin PBXSourcesBuildPhase section */
		AB1523652C4B749B00FA6FA7 /* Sources */ = {
			isa = PBXSourcesBuildPhase;
			buildActionMask = 2147483647;
			files = (
				AB1523862C4B786400FA6FA7 /* PlayerStatsController.swift in Sources */,
				AB1523822C4B779B00FA6FA7 /* ApexAPIService.swift in Sources */,
				AB1523882C4B78CA00FA6FA7 /* MapRotationView.swift in Sources */,
				AB1523802C4B777500FA6FA7 /* ApexModels.swift in Sources */,
				AB1523842C4B784300FA6FA7 /* MapRotationController.swift in Sources */,
				AB15236F2C4B749B00FA6FA7 /* ContentView.swift in Sources */,
				AB15236D2C4B749B00FA6FA7 /* ApexLegendsStatsApp.swift in Sources */,
				AB15238A2C4B792800FA6FA7 /* PlayerStatsView.swift in Sources */,
			);
			runOnlyForDeploymentPostprocessing = 0;
		};
/* End PBXSourcesBuildPhase section */

/* Begin XCBuildConfiguration section */
		AB1523752C4B74A000FA6FA7 /* Debug */ = {
			isa = XCBuildConfiguration;
			buildSettings = {
				ALWAYS_SEARCH_USER_PATHS = NO;
				CLANG_ANALYZER_NONNULL = YES;
				CLANG_ANALYZER_NUMBER_OBJECT_CONVERSION = YES_AGGRESSIVE;
				CLANG_CXX_LANGUAGE_STANDARD = "gnu++17";
				CLANG_CXX_LIBRARY = "libc++";
				CLANG_ENABLE_MODULES = YES;
				CLANG_ENABLE_OBJC_ARC = YES;
				CLANG_ENABLE_OBJC_WEAK = YES;
				CLANG_WARN_BLOCK_CAPTURE_AUTORELEASING = YES;
				CLANG_WARN_BOOL_CONVERSION = YES;
				CLANG_WARN_COMMA = YES;
				CLANG_WARN_CONSTANT_CONVERSION = YES;
				CLANG_WARN_DEPRECATED_OBJC_IMPLEMENTATIONS = YES;
				CLANG_WARN_DIRECT_OBJC_ISA_USAGE = YES_ERROR;
				CLANG_WARN_DOCUMENTATION_COMMENTS = YES;
				CLANG_WARN_EMPTY_BODY = YES;
				CLANG_WARN_ENUM_CONVERSION = YES;
				CLANG_WARN_INFINITE_RECURSION = YES;
				CLANG_WARN_INT_CONVERSION = YES;
				CLANG_WARN_NON_LITERAL_NULL_CONVERSION = YES;
				CLANG_WARN_OBJC_IMPLICIT_RETAIN_SELF = YES;
				CLANG_WARN_OBJC_LITERAL_CONVERSION = YES;
				CLANG_WARN_OBJC_ROOT_CLASS = YES_ERROR;
				CLANG_WARN_QUOTED_INCLUDE_IN_FRAMEWORK_HEADER = YES;
				CLANG_WARN_RANGE_LOOP_ANALYSIS = YES;
				CLANG_WARN_STRICT_PROTOTYPES = YES;
				CLANG_WARN_SUSPICIOUS_MOVE = YES;
				CLANG_WARN_UNGUARDED_AVAILABILITY = YES_AGGRESSIVE;
				CLANG_WARN_UNREACHABLE_CODE = YES;
				CLANG_WARN__DUPLICATE_METHOD_MATCH = YES;
				COPY_PHASE_STRIP = NO;
				DEBUG_INFORMATION_FORMAT = dwarf;
				ENABLE_STRICT_OBJC_MSGSEND = YES;
				ENABLE_TESTABILITY = YES;
				GCC_C_LANGUAGE_STANDARD = gnu11;
				GCC_DYNAMIC_NO_PIC = NO;
				GCC_NO_COMMON_BLOCKS = YES;
				GCC_OPTIMIZATION_LEVEL = 0;
				GCC_PREPROCESSOR_DEFINITIONS = (
					"DEBUG=1",
					"$(inherited)",
				);
				GCC_WARN_64_TO_32_BIT_CONVERSION = YES;
				GCC_WARN_ABOUT_RETURN_TYPE = YES_ERROR;
				GCC_WARN_UNDECLARED_SELECTOR = YES;
				GCC_WARN_UNINITIALIZED_AUTOS = YES_AGGRESSIVE;
				GCC_WARN_UNUSED_FUNCTION = YES;
				GCC_WARN_UNUSED_VARIABLE = YES;
				IPHONEOS_DEPLOYMENT_TARGET = 15.2;
				MTL_ENABLE_DEBUG_INFO = INCLUDE_SOURCE;
				MTL_FAST_MATH = YES;
				ONLY_ACTIVE_ARCH = YES;
				SDKROOT = iphoneos;
				SWIFT_ACTIVE_COMPILATION_CONDITIONS = DEBUG;
				SWIFT_OPTIMIZATION_LEVEL = "-Onone";
			};
			name = Debug;
		};
		AB1523762C4B74A000FA6FA7 /* Release */ = {
			isa = XCBuildConfiguration;
			buildSettings = {
				ALWAYS_SEARCH_USER_PATHS = NO;
				CLANG_ANALYZER_NONNULL = YES;
				CLANG_ANALYZER_NUMBER_OBJECT_CONVERSION = YES_AGGRESSIVE;
				CLANG_CXX_LANGUAGE_STANDARD = "gnu++17";
				CLANG_CXX_LIBRARY = "libc++";
				CLANG_ENABLE_MODULES = YES;
				CLANG_ENABLE_OBJC_ARC = YES;
				CLANG_ENABLE_OBJC_WEAK = YES;
				CLANG_WARN_BLOCK_CAPTURE_AUTORELEASING = YES;
				CLANG_WARN_BOOL_CONVERSION = YES;
				CLANG_WARN_COMMA = YES;
				CLANG_WARN_CONSTANT_CONVERSION = YES;
				CLANG_WARN_DEPRECATED_OBJC_IMPLEMENTATIONS = YES;
				CLANG_WARN_DIRECT_OBJC_ISA_USAGE = YES_ERROR;
				CLANG_WARN_DOCUMENTATION_COMMENTS = YES;
				CLANG_WARN_EMPTY_BODY = YES;
				CLANG_WARN_ENUM_CONVERSION = YES;
				CLANG_WARN_INFINITE_RECURSION = YES;
				CLANG_WARN_INT_CONVERSION = YES;
				CLANG_WARN_NON_LITERAL_NULL_CONVERSION = YES;
				CLANG_WARN_OBJC_IMPLICIT_RETAIN_SELF = YES;
				CLANG_WARN_OBJC_LITERAL_CONVERSION = YES;
				CLANG_WARN_OBJC_ROOT_CLASS = YES_ERROR;
				CLANG_WARN_QUOTED_INCLUDE_IN_FRAMEWORK_HEADER = YES;
				CLANG_WARN_RANGE_LOOP_ANALYSIS = YES;
				CLANG_WARN_STRICT_PROTOTYPES = YES;
				CLANG_WARN_SUSPICIOUS_MOVE = YES;
				CLANG_WARN_UNGUARDED_AVAILABILITY = YES_AGGRESSIVE;
				CLANG_WARN_UNREACHABLE_CODE = YES;
				CLANG_WARN__DUPLICATE_METHOD_MATCH = YES;
				COPY_PHASE_STRIP = NO;
				DEBUG_INFORMATION_FORMAT = "dwarf-with-dsym";
				ENABLE_NS_ASSERTIONS = NO;
				ENABLE_STRICT_OBJC_MSGSEND = YES;
				GCC_C_LANGUAGE_STANDARD = gnu11;
				GCC_NO_COMMON_BLOCKS = YES;
				GCC_WARN_64_TO_32_BIT_CONVERSION = YES;
				GCC_WARN_ABOUT_RETURN_TYPE = YES_ERROR;
				GCC_WARN_UNDECLARED_SELECTOR = YES;
				GCC_WARN_UNINITIALIZED_AUTOS = YES_AGGRESSIVE;
				GCC_WARN_UNUSED_FUNCTION = YES;
				GCC_WARN_UNUSED_VARIABLE = YES;
				IPHONEOS_DEPLOYMENT_TARGET = 15.2;
				MTL_ENABLE_DEBUG_INFO = NO;
				MTL_FAST_MATH = YES;
				SDKROOT = iphoneos;
				SWIFT_COMPILATION_MODE = wholemodule;
				SWIFT_OPTIMIZATION_LEVEL = "-O";
				VALIDATE_PRODUCT = YES;
			};
			name = Release;
		};
		AB1523782C4B74A000FA6FA7 /* Debug */ = {
			isa = XCBuildConfiguration;
			baseConfigurationReference = 0398A5640CBB35DC6DAC7827 /* Pods-ApexLegendsStats.debug.xcconfig */;
			buildSettings = {
				ASSETCATALOG_COMPILER_APPICON_NAME = AppIcon;
				ASSETCATALOG_COMPILER_GLOBAL_ACCENT_COLOR_NAME = AccentColor;
				CODE_SIGN_STYLE = Automatic;
				CURRENT_PROJECT_VERSION = 1;
				DEVELOPMENT_ASSET_PATHS = "\"ApexLegendsStats/Preview Content\"";
				ENABLE_PREVIEWS = YES;
				GENERATE_INFOPLIST_FILE = YES;
				INFOPLIST_KEY_UIApplicationSceneManifest_Generation = YES;
				INFOPLIST_KEY_UIApplicationSupportsIndirectInputEvents = YES;
				INFOPLIST_KEY_UILaunchScreen_Generation = YES;
				INFOPLIST_KEY_UISupportedInterfaceOrientations_iPad = "UIInterfaceOrientationPortrait UIInterfaceOrientationPortraitUpsideDown UIInterfaceOrientationLandscapeLeft UIInterfaceOrientationLandscapeRight";
				INFOPLIST_KEY_UISupportedInterfaceOrientations_iPhone = "UIInterfaceOrientationPortrait UIInterfaceOrientationLandscapeLeft UIInterfaceOrientationLandscapeRight";
				LD_RUNPATH_SEARCH_PATHS = (
					"$(inherited)",
					"@executable_path/Frameworks",
				);
				MARKETING_VERSION = 1.0;
				PRODUCT_BUNDLE_IDENTIFIER = Younis.ApexLegendsStats;
				PRODUCT_NAME = "$(TARGET_NAME)";
				SWIFT_EMIT_LOC_STRINGS = YES;
				SWIFT_VERSION = 5.0;
				TARGETED_DEVICE_FAMILY = "1,2";
			};
			name = Debug;
		};
		AB1523792C4B74A000FA6FA7 /* Release */ = {
			isa = XCBuildConfiguration;
			baseConfigurationReference = D25770714456904CE82D720A /* Pods-ApexLegendsStats.release.xcconfig */;
			buildSettings = {
				ASSETCATALOG_COMPILER_APPICON_NAME = AppIcon;
				ASSETCATALOG_COMPILER_GLOBAL_ACCENT_COLOR_NAME = AccentColor;
				CODE_SIGN_STYLE = Automatic;
				CURRENT_PROJECT_VERSION = 1;
				DEVELOPMENT_ASSET_PATHS = "\"ApexLegendsStats/Preview Content\"";
				ENABLE_PREVIEWS = YES;
				GENERATE_INFOPLIST_FILE = YES;
				INFOPLIST_KEY_UIApplicationSceneManifest_Generation = YES;
				INFOPLIST_KEY_UIApplicationSupportsIndirectInputEvents = YES;
				INFOPLIST_KEY_UILaunchScreen_Generation = YES;
				INFOPLIST_KEY_UISupportedInterfaceOrientations_iPad = "UIInterfaceOrientationPortrait UIInterfaceOrientationPortraitUpsideDown UIInterfaceOrientationLandscapeLeft UIInterfaceOrientationLandscapeRight";
				INFOPLIST_KEY_UISupportedInterfaceOrientations_iPhone = "UIInterfaceOrientationPortrait UIInterfaceOrientationLandscapeLeft UIInterfaceOrientationLandscapeRight";
				LD_RUNPATH_SEARCH_PATHS = (
					"$(inherited)",
					"@executable_path/Frameworks",
				);
				MARKETING_VERSION = 1.0;
				PRODUCT_BUNDLE_IDENTIFIER = Younis.ApexLegendsStats;
				PRODUCT_NAME = "$(TARGET_NAME)";
				SWIFT_EMIT_LOC_STRINGS = YES;
				SWIFT_VERSION = 5.0;
				TARGETED_DEVICE_FAMILY = "1,2";
			};
			name = Release;
		};
/* End XCBuildConfiguration section */

/* Begin XCConfigurationList section */
		AB1523642C4B749B00FA6FA7 /* Build configuration list for PBXProject "ApexLegendsStats" */ = {
			isa = XCConfigurationList;
			buildConfigurations = (
				AB1523752C4B74A000FA6FA7 /* Debug */,
				AB1523762C4B74A000FA6FA7 /* Release */,
			);
			defaultConfigurationIsVisible = 0;
			defaultConfigurationName = Release;
		};
		AB1523772C4B74A000FA6FA7 /* Build configuration list for PBXNativeTarget "ApexLegendsStats" */ = {
			isa = XCConfigurationList;
			buildConfigurations = (
				AB1523782C4B74A000FA6FA7 /* Debug */,
				AB1523792C4B74A000FA6FA7 /* Release */,
			);
			defaultConfigurationIsVisible = 0;
			defaultConfigurationName = Release;
		};
/* End XCConfigurationList section */
	};
	rootObject = AB1523612C4B749B00FA6FA7 /* Project object */;
}
